
Microsoft Visual Studio Solution File, Format Version 12.00
# Visual Studio Version 17
VisualStudioVersion = 17.2.32526.322
MinimumVisualStudioVersion = 10.0.40219.1
Project("{9A19103F-16F7-4668-BE54-9A1E7A4F7556}") = "Robo", "Robo\Robo.csproj", "{EAAFD36F-76E7-46B1-9E87-844E238FF592}"
EndProject
Project("{FAE04EC0-301F-11D3-BF4B-00C04F79EFBC}") = "Robo.Tests", "Robo.Tests\Robo.Tests.csproj", "{1432AC60-3E8C-48C9-AC56-E75AF3BBC55B}"
EndProject
Global
	GlobalSection(SolutionConfigurationPlatforms) = preSolution
		Debug|Any CPU = Debug|Any CPU
		Release|Any CPU = Release|Any CPU
	EndGlobalSection
	GlobalSection(ProjectConfigurationPlatforms) = postSolution
		{EAAFD36F-76E7-46B1-9E87-844E238FF592}.Debug|Any CPU.ActiveCfg = Debug|Any CPU
		{EAAFD36F-76E7-46B1-9E87-844E238FF592}.Debug|Any CPU.Build.0 = Debug|Any CPU
		{EAAFD36F-76E7-46B1-9E87-844E238FF592}.Release|Any CPU.ActiveCfg = Release|Any CPU
		{EAAFD36F-76E7-46B1-9E87-844E238FF592}.Release|Any CPU.Build.0 = Release|Any CPU
		{1432AC60-3E8C-48C9-AC56-E75AF3BBC55B}.Debug|Any CPU.ActiveCfg = Debug|Any CPU
		{1432AC60-3E8C-48C9-AC56-E75AF3BBC55B}.Debug|Any CPU.Build.0 = Debug|Any CPU
		{1432AC60-3E8C-48C9-AC56-E75AF3BBC55B}.Release|Any CPU.ActiveCfg = Release|Any CPU
		{1432AC60-3E8C-48C9-AC56-E75AF3BBC55B}.Release|Any CPU.Build.0 = Release|Any CPU
	EndGlobalSection
	GlobalSection(SolutionProperties) = preSolution
		HideSolutionNode = FALSE
	EndGlobalSection
	GlobalSection(ExtensibilityGlobals) = postSolution
		SolutionGuid = {110C8429-674F-416E-BAFD-E205E7E31166}
	EndGlobalSection
EndGlobal
